
Microsoft Visual Studio Solution File, Format Version 12.00
# Visual Studio 15
VisualStudioVersion = 15.0.28010.2019
MinimumVisualStudioVersion = 10.0.40219.1
Project("{8BC9CEB8-8B4A-11D0-8D11-00A0C91BC942}") = "Final", "Final.vcxproj", "{F2279B42-F77A-439E-80F5-510EBC6FA536}"
EndProject
Global
	GlobalSection(SolutionConfigurationPlatforms) = preSolution
		Debug|x64 = Debug|x64
		Debug|x86 = Debug|x86
		Release|x64 = Release|x64
		Release|x86 = Release|x86
	EndGlobalSection
	GlobalSection(ProjectConfigurationPlatforms) = postSolution
		{F2279B42-F77A-439E-80F5-510EBC6FA536}.Debug|x64.ActiveCfg = Debug|x64
		{F2279B42-F77A-439E-80F5-510EBC6FA536}.Debug|x64.Build.0 = Debug|x64
		{F2279B42-F77A-439E-80F5-510EBC6FA536}.Debug|x86.ActiveCfg = Debug|Win32
		{F2279B42-F77A-439E-80F5-510EBC6FA536}.Debug|x86.Build.0 = Debug|Win32
		{F2279B42-F77A-439E-80F5-510EBC6FA536}.Release|x64.ActiveCfg = Release|x64
		{F2279B42-F77A-439E-80F5-510EBC6FA536}.Release|x64.Build.0 = Release|x64
		{F2279B42-F77A-439E-80F5-510EBC6FA536}.Release|x86.ActiveCfg = Release|Win32
		{F2279B42-F77A-439E-80F5-510EBC6FA536}.Release|x86.Build.0 = Release|Win32
	EndGlobalSection
	GlobalSection(SolutionProperties) = preSolution
		HideSolutionNode = FALSE
	EndGlobalSection
	GlobalSection(ExtensibilityGlobals) = postSolution
		SolutionGuid = {9EC60529-91FD-4085-86CA-7A2E18FEBDC8}
	EndGlobalSection
EndGlobal
